// !$*UTF8*$!
{
	archiveVersion = 1;
	classes = {
	};
	objectVersion = 46;
	objects = {

/* Begin PBXBuildFile section */
		203E984DAC9774A9BB76CCCE /* Pods_PocketPrompter.framework in Frameworks */ = {isa = PBXBuildFile; fileRef = 31FC29A1FE14D4CD457D7C3C /* Pods_PocketPrompter.framework */; };
		2D2083B81FE016DF00F5DA3E /* TextScrollerViewController.swift in Sources */ = {isa = PBXBuildFile; fileRef = 2D2083B71FE016DF00F5DA3E /* TextScrollerViewController.swift */; };
		2D2083BE1FF3449300F5DA3E /* SettingsTableViewController.swift in Sources */ = {isa = PBXBuildFile; fileRef = 2D2083BD1FF3449300F5DA3E /* SettingsTableViewController.swift */; };
		2D2083BF1FF3449300F5DA3E /* SettingsTableViewController.swift in Sources */ = {isa = PBXBuildFile; fileRef = 2D2083BD1FF3449300F5DA3E /* SettingsTableViewController.swift */; };
		2D2083C01FF3449300F5DA3E /* SettingsTableViewController.swift in Sources */ = {isa = PBXBuildFile; fileRef = 2D2083BD1FF3449300F5DA3E /* SettingsTableViewController.swift */; };
		2D2083CA1FF5A8D200F5DA3E /* SettingsDetailViewController.swift in Sources */ = {isa = PBXBuildFile; fileRef = 2D2083C91FF5A8D200F5DA3E /* SettingsDetailViewController.swift */; };
		2D2083CB1FF5A8D200F5DA3E /* SettingsDetailViewController.swift in Sources */ = {isa = PBXBuildFile; fileRef = 2D2083C91FF5A8D200F5DA3E /* SettingsDetailViewController.swift */; };
		2D2083CC1FF5A8D200F5DA3E /* SettingsDetailViewController.swift in Sources */ = {isa = PBXBuildFile; fileRef = 2D2083C91FF5A8D200F5DA3E /* SettingsDetailViewController.swift */; };
		2D35236E1F543D120057AB6E /* ImageRecognizerViewController.swift in Sources */ = {isa = PBXBuildFile; fileRef = 2D35236D1F543D120057AB6E /* ImageRecognizerViewController.swift */; };
		2D35236F1F543D120057AB6E /* ImageRecognizerViewController.swift in Sources */ = {isa = PBXBuildFile; fileRef = 2D35236D1F543D120057AB6E /* ImageRecognizerViewController.swift */; };
		2D3523701F543D120057AB6E /* ImageRecognizerViewController.swift in Sources */ = {isa = PBXBuildFile; fileRef = 2D35236D1F543D120057AB6E /* ImageRecognizerViewController.swift */; };
		2D35237B1F62C1850057AB6E /* PromptData.swift in Sources */ = {isa = PBXBuildFile; fileRef = 2D35237A1F62C1850057AB6E /* PromptData.swift */; };
		2D35237C1F62C1850057AB6E /* PromptData.swift in Sources */ = {isa = PBXBuildFile; fileRef = 2D35237A1F62C1850057AB6E /* PromptData.swift */; };
		2D35237D1F62C1850057AB6E /* PromptData.swift in Sources */ = {isa = PBXBuildFile; fileRef = 2D35237A1F62C1850057AB6E /* PromptData.swift */; };
		2D48307D1F5050FD00B12DE7 /* AppDelegate.swift in Sources */ = {isa = PBXBuildFile; fileRef = 2D48307C1F5050FD00B12DE7 /* AppDelegate.swift */; };
		2D48307F1F5050FD00B12DE7 /* ViewController.swift in Sources */ = {isa = PBXBuildFile; fileRef = 2D48307E1F5050FD00B12DE7 /* ViewController.swift */; };
		2D4830821F5050FD00B12DE7 /* Main.storyboard in Resources */ = {isa = PBXBuildFile; fileRef = 2D4830801F5050FD00B12DE7 /* Main.storyboard */; };
		2D4830851F5050FD00B12DE7 /* PocketPrompter.xcdatamodeld in Sources */ = {isa = PBXBuildFile; fileRef = 2D4830831F5050FD00B12DE7 /* PocketPrompter.xcdatamodeld */; };
		2D4830871F5050FD00B12DE7 /* Assets.xcassets in Resources */ = {isa = PBXBuildFile; fileRef = 2D4830861F5050FD00B12DE7 /* Assets.xcassets */; };
		2D48308A1F5050FD00B12DE7 /* LaunchScreen.storyboard in Resources */ = {isa = PBXBuildFile; fileRef = 2D4830881F5050FD00B12DE7 /* LaunchScreen.storyboard */; };
		2D4830951F5050FE00B12DE7 /* PocketPrompterTests.swift in Sources */ = {isa = PBXBuildFile; fileRef = 2D4830941F5050FE00B12DE7 /* PocketPrompterTests.swift */; };
		2D4830A01F5050FE00B12DE7 /* PocketPrompterUITests.swift in Sources */ = {isa = PBXBuildFile; fileRef = 2D48309F1F5050FE00B12DE7 /* PocketPrompterUITests.swift */; };
		2D5094B41F505A6800FFBFB4 /* TesseractOCR.framework in Frameworks */ = {isa = PBXBuildFile; fileRef = 2D5094B31F505A6800FFBFB4 /* TesseractOCR.framework */; };
		2D5094B61F505A7100FFBFB4 /* tessdata in Resources */ = {isa = PBXBuildFile; fileRef = 2D5094B51F505A7100FFBFB4 /* tessdata */; };
		2D5E52141F50555E00263E38 /* CoreImage.framework in Frameworks */ = {isa = PBXBuildFile; fileRef = 2D5E52131F50555E00263E38 /* CoreImage.framework */; };
		2D5E52161F50558500263E38 /* libstdc++.6.0.9.tbd in Frameworks */ = {isa = PBXBuildFile; fileRef = 2D5E52151F50558500263E38 /* libstdc++.6.0.9.tbd */; };
		2D8718CA1F505C9F00303221 /* PhantomBridger.m in Sources */ = {isa = PBXBuildFile; fileRef = 2D8718C91F505C9F00303221 /* PhantomBridger.m */; };
		2D8B4B67203A070A005B1454 /* GoogleService-Info.plist in Resources */ = {isa = PBXBuildFile; fileRef = 2D8B4B66203A070A005B1454 /* GoogleService-Info.plist */; };
		2D8B4B68203A070A005B1454 /* GoogleService-Info.plist in Resources */ = {isa = PBXBuildFile; fileRef = 2D8B4B66203A070A005B1454 /* GoogleService-Info.plist */; };
		2D8B4B69203A070A005B1454 /* GoogleService-Info.plist in Resources */ = {isa = PBXBuildFile; fileRef = 2D8B4B66203A070A005B1454 /* GoogleService-Info.plist */; };
		2D9D3F6F1F73E78C005A6810 /* PromptDataTableViewCell.swift in Sources */ = {isa = PBXBuildFile; fileRef = 2D9D3F6D1F73E78C005A6810 /* PromptDataTableViewCell.swift */; };
		2D9D3F701F73E78C005A6810 /* PromptDataTableViewCell.swift in Sources */ = {isa = PBXBuildFile; fileRef = 2D9D3F6D1F73E78C005A6810 /* PromptDataTableViewCell.swift */; };
		2D9D3F711F73E78C005A6810 /* PromptDataTableViewCell.swift in Sources */ = {isa = PBXBuildFile; fileRef = 2D9D3F6D1F73E78C005A6810 /* PromptDataTableViewCell.swift */; };
		2D9D3F721F73E78C005A6810 /* PromptDataTableViewCell.xib in Resources */ = {isa = PBXBuildFile; fileRef = 2D9D3F6E1F73E78C005A6810 /* PromptDataTableViewCell.xib */; };
		2D9D3F731F73E78C005A6810 /* PromptDataTableViewCell.xib in Resources */ = {isa = PBXBuildFile; fileRef = 2D9D3F6E1F73E78C005A6810 /* PromptDataTableViewCell.xib */; };
		2D9D3F741F73E78C005A6810 /* PromptDataTableViewCell.xib in Resources */ = {isa = PBXBuildFile; fileRef = 2D9D3F6E1F73E78C005A6810 /* PromptDataTableViewCell.xib */; };
		2DD6FB342033F3A900BFCA2D /* Assets.xcassets in Resources */ = {isa = PBXBuildFile; fileRef = 2D4830861F5050FD00B12DE7 /* Assets.xcassets */; };
		2DD6FB352033F3AA00BFCA2D /* Assets.xcassets in Resources */ = {isa = PBXBuildFile; fileRef = 2D4830861F5050FD00B12DE7 /* Assets.xcassets */; };
		9E265008141FFFE012D803FF /* Pods_PocketPrompterUITests.framework in Frameworks */ = {isa = PBXBuildFile; fileRef = 679A99DD988099EDED549C62 /* Pods_PocketPrompterUITests.framework */; };
		B6DE45AB0FFBF1E41A77FD23 /* Pods_PocketPrompterTests.framework in Frameworks */ = {isa = PBXBuildFile; fileRef = 826E945637F1CF0890B917EC /* Pods_PocketPrompterTests.framework */; };
/* End PBXBuildFile section */

/* Begin PBXContainerItemProxy section */
		2D4830911F5050FE00B12DE7 /* PBXContainerItemProxy */ = {
			isa = PBXContainerItemProxy;
			containerPortal = 2D4830711F5050FD00B12DE7 /* Project object */;
			proxyType = 1;
			remoteGlobalIDString = 2D4830781F5050FD00B12DE7;
			remoteInfo = PocketPrompter;
		};
		2D48309C1F5050FE00B12DE7 /* PBXContainerItemProxy */ = {
			isa = PBXContainerItemProxy;
			containerPortal = 2D4830711F5050FD00B12DE7 /* Project object */;
			proxyType = 1;
			remoteGlobalIDString = 2D4830781F5050FD00B12DE7;
			remoteInfo = PocketPrompter;
		};
/* End PBXContainerItemProxy section */

/* Begin PBXFileReference section */
		039ECCF13ED9C3948B27E411 /* Pods-PocketPrompter.debug.xcconfig */ = {isa = PBXFileReference; includeInIndex = 1; lastKnownFileType = text.xcconfig; name = "Pods-PocketPrompter.debug.xcconfig"; path = "Pods/Target Support Files/Pods-PocketPrompter/Pods-PocketPrompter.debug.xcconfig"; sourceTree = "<group>"; };
		29B45D840CA42D28071EBA04 /* Pods-PocketPrompterTests.debug.xcconfig */ = {isa = PBXFileReference; includeInIndex = 1; lastKnownFileType = text.xcconfig; name = "Pods-PocketPrompterTests.debug.xcconfig"; path = "Pods/Target Support Files/Pods-PocketPrompterTests/Pods-PocketPrompterTests.debug.xcconfig"; sourceTree = "<group>"; };
		2D2083B71FE016DF00F5DA3E /* TextScrollerViewController.swift */ = {isa = PBXFileReference; lastKnownFileType = sourcecode.swift; path = TextScrollerViewController.swift; sourceTree = "<group>"; };
		2D2083BD1FF3449300F5DA3E /* SettingsTableViewController.swift */ = {isa = PBXFileReference; lastKnownFileType = sourcecode.swift; path = SettingsTableViewController.swift; sourceTree = "<group>"; };
		2D2083C91FF5A8D200F5DA3E /* SettingsDetailViewController.swift */ = {isa = PBXFileReference; lastKnownFileType = sourcecode.swift; path = SettingsDetailViewController.swift; sourceTree = "<group>"; };
		2D35236D1F543D120057AB6E /* ImageRecognizerViewController.swift */ = {isa = PBXFileReference; fileEncoding = 4; lastKnownFileType = sourcecode.swift; path = ImageRecognizerViewController.swift; sourceTree = "<group>"; };
		2D35237A1F62C1850057AB6E /* PromptData.swift */ = {isa = PBXFileReference; fileEncoding = 4; lastKnownFileType = sourcecode.swift; path = PromptData.swift; sourceTree = "<group>"; };
		2D4830791F5050FD00B12DE7 /* PocketPrompter.app */ = {isa = PBXFileReference; explicitFileType = wrapper.application; includeInIndex = 0; path = PocketPrompter.app; sourceTree = BUILT_PRODUCTS_DIR; };
		2D48307C1F5050FD00B12DE7 /* AppDelegate.swift */ = {isa = PBXFileReference; lastKnownFileType = sourcecode.swift; path = AppDelegate.swift; sourceTree = "<group>"; };
		2D48307E1F5050FD00B12DE7 /* ViewController.swift */ = {isa = PBXFileReference; lastKnownFileType = sourcecode.swift; path = ViewController.swift; sourceTree = "<group>"; };
		2D4830811F5050FD00B12DE7 /* Base */ = {isa = PBXFileReference; lastKnownFileType = file.storyboard; name = Base; path = Base.lproj/Main.storyboard; sourceTree = "<group>"; };
		2D4830841F5050FD00B12DE7 /* PocketPrompter.xcdatamodel */ = {isa = PBXFileReference; lastKnownFileType = wrapper.xcdatamodel; path = PocketPrompter.xcdatamodel; sourceTree = "<group>"; };
		2D4830861F5050FD00B12DE7 /* Assets.xcassets */ = {isa = PBXFileReference; lastKnownFileType = folder.assetcatalog; path = Assets.xcassets; sourceTree = "<group>"; };
		2D4830891F5050FD00B12DE7 /* Base */ = {isa = PBXFileReference; lastKnownFileType = file.storyboard; name = Base; path = Base.lproj/LaunchScreen.storyboard; sourceTree = "<group>"; };
		2D48308B1F5050FD00B12DE7 /* Info.plist */ = {isa = PBXFileReference; lastKnownFileType = text.plist.xml; path = Info.plist; sourceTree = "<group>"; };
		2D4830901F5050FE00B12DE7 /* PocketPrompterTests.xctest */ = {isa = PBXFileReference; explicitFileType = wrapper.cfbundle; includeInIndex = 0; path = PocketPrompterTests.xctest; sourceTree = BUILT_PRODUCTS_DIR; };
		2D4830941F5050FE00B12DE7 /* PocketPrompterTests.swift */ = {isa = PBXFileReference; lastKnownFileType = sourcecode.swift; path = PocketPrompterTests.swift; sourceTree = "<group>"; };
		2D4830961F5050FE00B12DE7 /* Info.plist */ = {isa = PBXFileReference; lastKnownFileType = text.plist.xml; path = Info.plist; sourceTree = "<group>"; };
		2D48309B1F5050FE00B12DE7 /* PocketPrompterUITests.xctest */ = {isa = PBXFileReference; explicitFileType = wrapper.cfbundle; includeInIndex = 0; path = PocketPrompterUITests.xctest; sourceTree = BUILT_PRODUCTS_DIR; };
		2D48309F1F5050FE00B12DE7 /* PocketPrompterUITests.swift */ = {isa = PBXFileReference; lastKnownFileType = sourcecode.swift; path = PocketPrompterUITests.swift; sourceTree = "<group>"; };
		2D4830A11F5050FE00B12DE7 /* Info.plist */ = {isa = PBXFileReference; lastKnownFileType = text.plist.xml; path = Info.plist; sourceTree = "<group>"; };
		2D5094B31F505A6800FFBFB4 /* TesseractOCR.framework */ = {isa = PBXFileReference; lastKnownFileType = wrapper.framework; name = TesseractOCR.framework; path = "Tesseract Resources/TesseractOCR.framework"; sourceTree = "<group>"; };
		2D5094B51F505A7100FFBFB4 /* tessdata */ = {isa = PBXFileReference; lastKnownFileType = folder; name = tessdata; path = "Tesseract Resources/tessdata"; sourceTree = "<group>"; };
		2D5E52131F50555E00263E38 /* CoreImage.framework */ = {isa = PBXFileReference; lastKnownFileType = wrapper.framework; name = CoreImage.framework; path = System/Library/Frameworks/CoreImage.framework; sourceTree = SDKROOT; };
		2D5E52151F50558500263E38 /* libstdc++.6.0.9.tbd */ = {isa = PBXFileReference; lastKnownFileType = "sourcecode.text-based-dylib-definition"; name = "libstdc++.6.0.9.tbd"; path = "usr/lib/libstdc++.6.0.9.tbd"; sourceTree = SDKROOT; };
		2D8718C81F505C9F00303221 /* PocketPrompter-Bridging-Header.h */ = {isa = PBXFileReference; lastKnownFileType = sourcecode.c.h; path = "PocketPrompter-Bridging-Header.h"; sourceTree = "<group>"; };
		2D8718C91F505C9F00303221 /* PhantomBridger.m */ = {isa = PBXFileReference; fileEncoding = 4; lastKnownFileType = sourcecode.c.objc; path = PhantomBridger.m; sourceTree = "<group>"; };
		2D8B4B66203A070A005B1454 /* GoogleService-Info.plist */ = {isa = PBXFileReference; fileEncoding = 4; lastKnownFileType = text.plist.xml; path = "GoogleService-Info.plist"; sourceTree = "<group>"; };
		2D9D3F6D1F73E78C005A6810 /* PromptDataTableViewCell.swift */ = {isa = PBXFileReference; fileEncoding = 4; lastKnownFileType = sourcecode.swift; name = PromptDataTableViewCell.swift; path = Cells/PromptDataTableViewCell.swift; sourceTree = "<group>"; };
		2D9D3F6E1F73E78C005A6810 /* PromptDataTableViewCell.xib */ = {isa = PBXFileReference; fileEncoding = 4; lastKnownFileType = file.xib; name = PromptDataTableViewCell.xib; path = Cells/PromptDataTableViewCell.xib; sourceTree = "<group>"; };
		31FC29A1FE14D4CD457D7C3C /* Pods_PocketPrompter.framework */ = {isa = PBXFileReference; explicitFileType = wrapper.framework; includeInIndex = 0; path = Pods_PocketPrompter.framework; sourceTree = BUILT_PRODUCTS_DIR; };
		644F84CAEA7B630C5E0025F0 /* Pods-PocketPrompterUITests.release.xcconfig */ = {isa = PBXFileReference; includeInIndex = 1; lastKnownFileType = text.xcconfig; name = "Pods-PocketPrompterUITests.release.xcconfig"; path = "Pods/Target Support Files/Pods-PocketPrompterUITests/Pods-PocketPrompterUITests.release.xcconfig"; sourceTree = "<group>"; };
		679A99DD988099EDED549C62 /* Pods_PocketPrompterUITests.framework */ = {isa = PBXFileReference; explicitFileType = wrapper.framework; includeInIndex = 0; path = Pods_PocketPrompterUITests.framework; sourceTree = BUILT_PRODUCTS_DIR; };
		800B51BA7BB05A19B687E079 /* Pods-PocketPrompterTests.release.xcconfig */ = {isa = PBXFileReference; includeInIndex = 1; lastKnownFileType = text.xcconfig; name = "Pods-PocketPrompterTests.release.xcconfig"; path = "Pods/Target Support Files/Pods-PocketPrompterTests/Pods-PocketPrompterTests.release.xcconfig"; sourceTree = "<group>"; };
		826E945637F1CF0890B917EC /* Pods_PocketPrompterTests.framework */ = {isa = PBXFileReference; explicitFileType = wrapper.framework; includeInIndex = 0; path = Pods_PocketPrompterTests.framework; sourceTree = BUILT_PRODUCTS_DIR; };
		BDBA454E9BADCFA03E900731 /* Pods-PocketPrompter.release.xcconfig */ = {isa = PBXFileReference; includeInIndex = 1; lastKnownFileType = text.xcconfig; name = "Pods-PocketPrompter.release.xcconfig"; path = "Pods/Target Support Files/Pods-PocketPrompter/Pods-PocketPrompter.release.xcconfig"; sourceTree = "<group>"; };
		F3DBAEAA21413892D9A9A518 /* Pods-PocketPrompterUITests.debug.xcconfig */ = {isa = PBXFileReference; includeInIndex = 1; lastKnownFileType = text.xcconfig; name = "Pods-PocketPrompterUITests.debug.xcconfig"; path = "Pods/Target Support Files/Pods-PocketPrompterUITests/Pods-PocketPrompterUITests.debug.xcconfig"; sourceTree = "<group>"; };
/* End PBXFileReference section */

/* Begin PBXFrameworksBuildPhase section */
		2D4830761F5050FD00B12DE7 /* Frameworks */ = {
			isa = PBXFrameworksBuildPhase;
			buildActionMask = 2147483647;
			files = (
				2D5094B41F505A6800FFBFB4 /* TesseractOCR.framework in Frameworks */,
				2D5E52161F50558500263E38 /* libstdc++.6.0.9.tbd in Frameworks */,
				2D5E52141F50555E00263E38 /* CoreImage.framework in Frameworks */,
				203E984DAC9774A9BB76CCCE /* Pods_PocketPrompter.framework in Frameworks */,
			);
			runOnlyForDeploymentPostprocessing = 0;
		};
		2D48308D1F5050FE00B12DE7 /* Frameworks */ = {
			isa = PBXFrameworksBuildPhase;
			buildActionMask = 2147483647;
			files = (
				B6DE45AB0FFBF1E41A77FD23 /* Pods_PocketPrompterTests.framework in Frameworks */,
			);
			runOnlyForDeploymentPostprocessing = 0;
		};
		2D4830981F5050FE00B12DE7 /* Frameworks */ = {
			isa = PBXFrameworksBuildPhase;
			buildActionMask = 2147483647;
			files = (
				9E265008141FFFE012D803FF /* Pods_PocketPrompterUITests.framework in Frameworks */,
			);
			runOnlyForDeploymentPostprocessing = 0;
		};
/* End PBXFrameworksBuildPhase section */

/* Begin PBXGroup section */
		2D3523791F62C1420057AB6E /* Model */ = {
			isa = PBXGroup;
			children = (
				2D35237A1F62C1850057AB6E /* PromptData.swift */,
			);
			name = Model;
			sourceTree = "<group>";
		};
		2D4830701F5050FD00B12DE7 = {
			isa = PBXGroup;
			children = (
				2D48307B1F5050FD00B12DE7 /* PocketPrompter */,
				2D4830931F5050FE00B12DE7 /* PocketPrompterTests */,
				2D48309E1F5050FE00B12DE7 /* PocketPrompterUITests */,
				2D48307A1F5050FD00B12DE7 /* Products */,
				2D5E52121F50555E00263E38 /* Frameworks */,
				AAD4AF0861969BACE062EF7A /* Pods */,
			);
			sourceTree = "<group>";
		};
		2D48307A1F5050FD00B12DE7 /* Products */ = {
			isa = PBXGroup;
			children = (
				2D4830791F5050FD00B12DE7 /* PocketPrompter.app */,
				2D4830901F5050FE00B12DE7 /* PocketPrompterTests.xctest */,
				2D48309B1F5050FE00B12DE7 /* PocketPrompterUITests.xctest */,
			);
			name = Products;
			sourceTree = "<group>";
		};
		2D48307B1F5050FD00B12DE7 /* PocketPrompter */ = {
			isa = PBXGroup;
			children = (
				2D48307C1F5050FD00B12DE7 /* AppDelegate.swift */,
				2D4830801F5050FD00B12DE7 /* Main.storyboard */,
				2D48307E1F5050FD00B12DE7 /* ViewController.swift */,
				2D35236D1F543D120057AB6E /* ImageRecognizerViewController.swift */,
				2D2083BD1FF3449300F5DA3E /* SettingsTableViewController.swift */,
				2D2083B71FE016DF00F5DA3E /* TextScrollerViewController.swift */,
				2D2083C91FF5A8D200F5DA3E /* SettingsDetailViewController.swift */,
				2D9D3F6E1F73E78C005A6810 /* PromptDataTableViewCell.xib */,
				2D9D3F6D1F73E78C005A6810 /* PromptDataTableViewCell.swift */,
				2D4830861F5050FD00B12DE7 /* Assets.xcassets */,
				2D4830881F5050FD00B12DE7 /* LaunchScreen.storyboard */,
				2D48308B1F5050FD00B12DE7 /* Info.plist */,
				2D8B4B66203A070A005B1454 /* GoogleService-Info.plist */,
				2D4830831F5050FD00B12DE7 /* PocketPrompter.xcdatamodeld */,
				2D3523791F62C1420057AB6E /* Model */,
				2D5094B51F505A7100FFBFB4 /* tessdata */,
				2D5094B31F505A6800FFBFB4 /* TesseractOCR.framework */,
				2D8718C91F505C9F00303221 /* PhantomBridger.m */,
				2D8718C81F505C9F00303221 /* PocketPrompter-Bridging-Header.h */,
			);
			path = PocketPrompter;
			sourceTree = "<group>";
		};
		2D4830931F5050FE00B12DE7 /* PocketPrompterTests */ = {
			isa = PBXGroup;
			children = (
				2D4830941F5050FE00B12DE7 /* PocketPrompterTests.swift */,
				2D4830961F5050FE00B12DE7 /* Info.plist */,
			);
			path = PocketPrompterTests;
			sourceTree = "<group>";
		};
		2D48309E1F5050FE00B12DE7 /* PocketPrompterUITests */ = {
			isa = PBXGroup;
			children = (
				2D48309F1F5050FE00B12DE7 /* PocketPrompterUITests.swift */,
				2D4830A11F5050FE00B12DE7 /* Info.plist */,
			);
			path = PocketPrompterUITests;
			sourceTree = "<group>";
		};
		2D5E52121F50555E00263E38 /* Frameworks */ = {
			isa = PBXGroup;
			children = (
				2D5E52151F50558500263E38 /* libstdc++.6.0.9.tbd */,
				2D5E52131F50555E00263E38 /* CoreImage.framework */,
				31FC29A1FE14D4CD457D7C3C /* Pods_PocketPrompter.framework */,
				826E945637F1CF0890B917EC /* Pods_PocketPrompterTests.framework */,
				679A99DD988099EDED549C62 /* Pods_PocketPrompterUITests.framework */,
			);
			name = Frameworks;
			sourceTree = "<group>";
		};
		AAD4AF0861969BACE062EF7A /* Pods */ = {
			isa = PBXGroup;
			children = (
				039ECCF13ED9C3948B27E411 /* Pods-PocketPrompter.debug.xcconfig */,
				BDBA454E9BADCFA03E900731 /* Pods-PocketPrompter.release.xcconfig */,
				29B45D840CA42D28071EBA04 /* Pods-PocketPrompterTests.debug.xcconfig */,
				800B51BA7BB05A19B687E079 /* Pods-PocketPrompterTests.release.xcconfig */,
				F3DBAEAA21413892D9A9A518 /* Pods-PocketPrompterUITests.debug.xcconfig */,
				644F84CAEA7B630C5E0025F0 /* Pods-PocketPrompterUITests.release.xcconfig */,
			);
			name = Pods;
			sourceTree = "<group>";
		};
/* End PBXGroup section */

/* Begin PBXNativeTarget section */
		2D4830781F5050FD00B12DE7 /* PocketPrompter */ = {
			isa = PBXNativeTarget;
			buildConfigurationList = 2D4830A41F5050FE00B12DE7 /* Build configuration list for PBXNativeTarget "PocketPrompter" */;
			buildPhases = (
				309E85CD41DB3C888FCB6DD8 /* [CP] Check Pods Manifest.lock */,
				2D4830751F5050FD00B12DE7 /* Sources */,
				2D4830761F5050FD00B12DE7 /* Frameworks */,
				2D4830771F5050FD00B12DE7 /* Resources */,
				B5CAB56FDAAE73DE4D1FE49D /* [CP] Embed Pods Frameworks */,
				FE2587438F07D4C773BBD206 /* [CP] Copy Pods Resources */,
				2D8C0FA8203A0F6800F04F21 /* Run Script */,
			);
			buildRules = (
			);
			dependencies = (
			);
			name = PocketPrompter;
			productName = PocketPrompter;
			productReference = 2D4830791F5050FD00B12DE7 /* PocketPrompter.app */;
			productType = "com.apple.product-type.application";
		};
		2D48308F1F5050FE00B12DE7 /* PocketPrompterTests */ = {
			isa = PBXNativeTarget;
			buildConfigurationList = 2D4830A71F5050FE00B12DE7 /* Build configuration list for PBXNativeTarget "PocketPrompterTests" */;
			buildPhases = (
				904BB6BAD82DF9DDF4975EB9 /* [CP] Check Pods Manifest.lock */,
				2D48308C1F5050FE00B12DE7 /* Sources */,
				2D48308D1F5050FE00B12DE7 /* Frameworks */,
				2D48308E1F5050FE00B12DE7 /* Resources */,
				654C2AC79FF8B0DC6FCDF2B9 /* [CP] Embed Pods Frameworks */,
				6DC70DAAB873EE35CAF3A46B /* [CP] Copy Pods Resources */,
			);
			buildRules = (
			);
			dependencies = (
				2D4830921F5050FE00B12DE7 /* PBXTargetDependency */,
			);
			name = PocketPrompterTests;
			productName = PocketPrompterTests;
			productReference = 2D4830901F5050FE00B12DE7 /* PocketPrompterTests.xctest */;
			productType = "com.apple.product-type.bundle.unit-test";
		};
		2D48309A1F5050FE00B12DE7 /* PocketPrompterUITests */ = {
			isa = PBXNativeTarget;
			buildConfigurationList = 2D4830AA1F5050FE00B12DE7 /* Build configuration list for PBXNativeTarget "PocketPrompterUITests" */;
			buildPhases = (
				5F0C932AEECB61D63B19EDC8 /* [CP] Check Pods Manifest.lock */,
				2D4830971F5050FE00B12DE7 /* Sources */,
				2D4830981F5050FE00B12DE7 /* Frameworks */,
				2D4830991F5050FE00B12DE7 /* Resources */,
				C841D4141F997FAC86472226 /* [CP] Embed Pods Frameworks */,
				E289F2C1720148EBED1A3820 /* [CP] Copy Pods Resources */,
			);
			buildRules = (
			);
			dependencies = (
				2D48309D1F5050FE00B12DE7 /* PBXTargetDependency */,
			);
			name = PocketPrompterUITests;
			productName = PocketPrompterUITests;
			productReference = 2D48309B1F5050FE00B12DE7 /* PocketPrompterUITests.xctest */;
			productType = "com.apple.product-type.bundle.ui-testing";
		};
/* End PBXNativeTarget section */

/* Begin PBXProject section */
		2D4830711F5050FD00B12DE7 /* Project object */ = {
			isa = PBXProject;
			attributes = {
				LastSwiftUpdateCheck = 0830;
				LastUpgradeCheck = 0830;
				ORGANIZATIONNAME = Bala;
				TargetAttributes = {
					2D4830781F5050FD00B12DE7 = {
						CreatedOnToolsVersion = 8.3.3;
						DevelopmentTeam = V96BW4UBVM;
						LastSwiftMigration = 0830;
						ProvisioningStyle = Manual;
					};
					2D48308F1F5050FE00B12DE7 = {
						CreatedOnToolsVersion = 8.3.3;
						DevelopmentTeam = 8PXGQZP8AE;
						ProvisioningStyle = Automatic;
						TestTargetID = 2D4830781F5050FD00B12DE7;
					};
					2D48309A1F5050FE00B12DE7 = {
						CreatedOnToolsVersion = 8.3.3;
						DevelopmentTeam = 8PXGQZP8AE;
						ProvisioningStyle = Automatic;
						TestTargetID = 2D4830781F5050FD00B12DE7;
					};
				};
			};
			buildConfigurationList = 2D4830741F5050FD00B12DE7 /* Build configuration list for PBXProject "PocketPrompter" */;
			compatibilityVersion = "Xcode 3.2";
			developmentRegion = English;
			hasScannedForEncodings = 0;
			knownRegions = (
				en,
				Base,
			);
			mainGroup = 2D4830701F5050FD00B12DE7;
			productRefGroup = 2D48307A1F5050FD00B12DE7 /* Products */;
			projectDirPath = "";
			projectRoot = "";
			targets = (
				2D4830781F5050FD00B12DE7 /* PocketPrompter */,
				2D48308F1F5050FE00B12DE7 /* PocketPrompterTests */,
				2D48309A1F5050FE00B12DE7 /* PocketPrompterUITests */,
			);
		};
/* End PBXProject section */

/* Begin PBXResourcesBuildPhase section */
		2D4830771F5050FD00B12DE7 /* Resources */ = {
			isa = PBXResourcesBuildPhase;
			buildActionMask = 2147483647;
			files = (
				2D48308A1F5050FD00B12DE7 /* LaunchScreen.storyboard in Resources */,
				2D5094B61F505A7100FFBFB4 /* tessdata in Resources */,
				2D4830871F5050FD00B12DE7 /* Assets.xcassets in Resources */,
				2D4830821F5050FD00B12DE7 /* Main.storyboard in Resources */,
				2D9D3F721F73E78C005A6810 /* PromptDataTableViewCell.xib in Resources */,
				2D8B4B67203A070A005B1454 /* GoogleService-Info.plist in Resources */,
			);
			runOnlyForDeploymentPostprocessing = 0;
		};
		2D48308E1F5050FE00B12DE7 /* Resources */ = {
			isa = PBXResourcesBuildPhase;
			buildActionMask = 2147483647;
			files = (
				2DD6FB342033F3A900BFCA2D /* Assets.xcassets in Resources */,
				2D9D3F731F73E78C005A6810 /* PromptDataTableViewCell.xib in Resources */,
				2D8B4B68203A070A005B1454 /* GoogleService-Info.plist in Resources */,
			);
			runOnlyForDeploymentPostprocessing = 0;
		};
		2D4830991F5050FE00B12DE7 /* Resources */ = {
			isa = PBXResourcesBuildPhase;
			buildActionMask = 2147483647;
			files = (
				2DD6FB352033F3AA00BFCA2D /* Assets.xcassets in Resources */,
				2D9D3F741F73E78C005A6810 /* PromptDataTableViewCell.xib in Resources */,
				2D8B4B69203A070A005B1454 /* GoogleService-Info.plist in Resources */,
			);
			runOnlyForDeploymentPostprocessing = 0;
		};
/* End PBXResourcesBuildPhase section */

/* Begin PBXShellScriptBuildPhase section */
		2D8C0FA8203A0F6800F04F21 /* Run Script */ = {
			isa = PBXShellScriptBuildPhase;
			buildActionMask = 2147483647;
			files = (
			);
			inputPaths = (
			);
			name = "Run Script";
			outputPaths = (
			);
			runOnlyForDeploymentPostprocessing = 0;
			shellPath = /bin/sh;
			shellScript = "\"${PODS_ROOT}/Fabric/run\" 4e05d03d6acb921a87e28027207cc5c408b07435 451910e614955d31fc7cafa2a96f755fdabbc5b9d4e337c2c66c0c058d467415";
		};
		309E85CD41DB3C888FCB6DD8 /* [CP] Check Pods Manifest.lock */ = {
			isa = PBXShellScriptBuildPhase;
			buildActionMask = 2147483647;
			files = (
			);
			inputPaths = (
				"${PODS_PODFILE_DIR_PATH}/Podfile.lock",
				"${PODS_ROOT}/Manifest.lock",
			);
			name = "[CP] Check Pods Manifest.lock";
			outputPaths = (
				"$(DERIVED_FILE_DIR)/Pods-PocketPrompter-checkManifestLockResult.txt",
			);
			runOnlyForDeploymentPostprocessing = 0;
			shellPath = /bin/sh;
			shellScript = "diff \"${PODS_PODFILE_DIR_PATH}/Podfile.lock\" \"${PODS_ROOT}/Manifest.lock\" > /dev/null\nif [ $? != 0 ] ; then\n    # print error to STDERR\n    echo \"error: The sandbox is not in sync with the Podfile.lock. Run 'pod install' or update your CocoaPods installation.\" >&2\n    exit 1\nfi\n# This output is used by Xcode 'outputs' to avoid re-running this script phase.\necho \"SUCCESS\" > \"${SCRIPT_OUTPUT_FILE_0}\"\n";
			showEnvVarsInLog = 0;
		};
		5F0C932AEECB61D63B19EDC8 /* [CP] Check Pods Manifest.lock */ = {
			isa = PBXShellScriptBuildPhase;
			buildActionMask = 2147483647;
			files = (
			);
			inputPaths = (
				"${PODS_PODFILE_DIR_PATH}/Podfile.lock",
				"${PODS_ROOT}/Manifest.lock",
			);
			name = "[CP] Check Pods Manifest.lock";
			outputPaths = (
				"$(DERIVED_FILE_DIR)/Pods-PocketPrompterUITests-checkManifestLockResult.txt",
			);
			runOnlyForDeploymentPostprocessing = 0;
			shellPath = /bin/sh;
			shellScript = "diff \"${PODS_PODFILE_DIR_PATH}/Podfile.lock\" \"${PODS_ROOT}/Manifest.lock\" > /dev/null\nif [ $? != 0 ] ; then\n    # print error to STDERR\n    echo \"error: The sandbox is not in sync with the Podfile.lock. Run 'pod install' or update your CocoaPods installation.\" >&2\n    exit 1\nfi\n# This output is used by Xcode 'outputs' to avoid re-running this script phase.\necho \"SUCCESS\" > \"${SCRIPT_OUTPUT_FILE_0}\"\n";
			showEnvVarsInLog = 0;
		};
		654C2AC79FF8B0DC6FCDF2B9 /* [CP] Embed Pods Frameworks */ = {
			isa = PBXShellScriptBuildPhase;
			buildActionMask = 2147483647;
			files = (
			);
			inputPaths = (
			);
			name = "[CP] Embed Pods Frameworks";
			outputPaths = (
			);
			runOnlyForDeploymentPostprocessing = 0;
			shellPath = /bin/sh;
			shellScript = "\"${SRCROOT}/Pods/Target Support Files/Pods-PocketPrompterTests/Pods-PocketPrompterTests-frameworks.sh\"\n";
			showEnvVarsInLog = 0;
		};
		6DC70DAAB873EE35CAF3A46B /* [CP] Copy Pods Resources */ = {
			isa = PBXShellScriptBuildPhase;
			buildActionMask = 2147483647;
			files = (
			);
			inputPaths = (
			);
			name = "[CP] Copy Pods Resources";
			outputPaths = (
			);
			runOnlyForDeploymentPostprocessing = 0;
			shellPath = /bin/sh;
			shellScript = "\"${SRCROOT}/Pods/Target Support Files/Pods-PocketPrompterTests/Pods-PocketPrompterTests-resources.sh\"\n";
			showEnvVarsInLog = 0;
		};
		904BB6BAD82DF9DDF4975EB9 /* [CP] Check Pods Manifest.lock */ = {
			isa = PBXShellScriptBuildPhase;
			buildActionMask = 2147483647;
			files = (
			);
			inputPaths = (
				"${PODS_PODFILE_DIR_PATH}/Podfile.lock",
				"${PODS_ROOT}/Manifest.lock",
			);
			name = "[CP] Check Pods Manifest.lock";
			outputPaths = (
				"$(DERIVED_FILE_DIR)/Pods-PocketPrompterTests-checkManifestLockResult.txt",
			);
			runOnlyForDeploymentPostprocessing = 0;
			shellPath = /bin/sh;
			shellScript = "diff \"${PODS_PODFILE_DIR_PATH}/Podfile.lock\" \"${PODS_ROOT}/Manifest.lock\" > /dev/null\nif [ $? != 0 ] ; then\n    # print error to STDERR\n    echo \"error: The sandbox is not in sync with the Podfile.lock. Run 'pod install' or update your CocoaPods installation.\" >&2\n    exit 1\nfi\n# This output is used by Xcode 'outputs' to avoid re-running this script phase.\necho \"SUCCESS\" > \"${SCRIPT_OUTPUT_FILE_0}\"\n";
			showEnvVarsInLog = 0;
		};
		B5CAB56FDAAE73DE4D1FE49D /* [CP] Embed Pods Frameworks */ = {
			isa = PBXShellScriptBuildPhase;
			buildActionMask = 2147483647;
			files = (
			);
			inputPaths = (
				"${SRCROOT}/Pods/Target Support Files/Pods-PocketPrompter/Pods-PocketPrompter-frameworks.sh",
				"${BUILT_PRODUCTS_DIR}/GoogleToolboxForMac/GoogleToolboxForMac.framework",
				"${BUILT_PRODUCTS_DIR}/nanopb/nanopb.framework",
			);
			name = "[CP] Embed Pods Frameworks";
			outputPaths = (
				"${TARGET_BUILD_DIR}/${FRAMEWORKS_FOLDER_PATH}/GoogleToolboxForMac.framework",
				"${TARGET_BUILD_DIR}/${FRAMEWORKS_FOLDER_PATH}/nanopb.framework",
			);
			runOnlyForDeploymentPostprocessing = 0;
			shellPath = /bin/sh;
			shellScript = "\"${SRCROOT}/Pods/Target Support Files/Pods-PocketPrompter/Pods-PocketPrompter-frameworks.sh\"\n";
			showEnvVarsInLog = 0;
		};
		C841D4141F997FAC86472226 /* [CP] Embed Pods Frameworks */ = {
			isa = PBXShellScriptBuildPhase;
			buildActionMask = 2147483647;
			files = (
			);
			inputPaths = (
			);
			name = "[CP] Embed Pods Frameworks";
			outputPaths = (
			);
			runOnlyForDeploymentPostprocessing = 0;
			shellPath = /bin/sh;
			shellScript = "\"${SRCROOT}/Pods/Target Support Files/Pods-PocketPrompterUITests/Pods-PocketPrompterUITests-frameworks.sh\"\n";
			showEnvVarsInLog = 0;
		};
		E289F2C1720148EBED1A3820 /* [CP] Copy Pods Resources */ = {
			isa = PBXShellScriptBuildPhase;
			buildActionMask = 2147483647;
			files = (
			);
			inputPaths = (
			);
			name = "[CP] Copy Pods Resources";
			outputPaths = (
			);
			runOnlyForDeploymentPostprocessing = 0;
			shellPath = /bin/sh;
			shellScript = "\"${SRCROOT}/Pods/Target Support Files/Pods-PocketPrompterUITests/Pods-PocketPrompterUITests-resources.sh\"\n";
			showEnvVarsInLog = 0;
		};
		FE2587438F07D4C773BBD206 /* [CP] Copy Pods Resources */ = {
			isa = PBXShellScriptBuildPhase;
			buildActionMask = 2147483647;
			files = (
			);
			inputPaths = (
			);
			name = "[CP] Copy Pods Resources";
			outputPaths = (
			);
			runOnlyForDeploymentPostprocessing = 0;
			shellPath = /bin/sh;
			shellScript = "\"${SRCROOT}/Pods/Target Support Files/Pods-PocketPrompter/Pods-PocketPrompter-resources.sh\"\n";
			showEnvVarsInLog = 0;
		};
/* End PBXShellScriptBuildPhase section */

/* Begin PBXSourcesBuildPhase section */
		2D4830751F5050FD00B12DE7 /* Sources */ = {
			isa = PBXSourcesBuildPhase;
			buildActionMask = 2147483647;
			files = (
				2D2083CA1FF5A8D200F5DA3E /* SettingsDetailViewController.swift in Sources */,
				2D48307F1F5050FD00B12DE7 /* ViewController.swift in Sources */,
				2D9D3F6F1F73E78C005A6810 /* PromptDataTableViewCell.swift in Sources */,
				2D2083B81FE016DF00F5DA3E /* TextScrollerViewController.swift in Sources */,
				2D35237B1F62C1850057AB6E /* PromptData.swift in Sources */,
				2D35236E1F543D120057AB6E /* ImageRecognizerViewController.swift in Sources */,
				2D8718CA1F505C9F00303221 /* PhantomBridger.m in Sources */,
				2D4830851F5050FD00B12DE7 /* PocketPrompter.xcdatamodeld in Sources */,
				2D48307D1F5050FD00B12DE7 /* AppDelegate.swift in Sources */,
				2D2083BE1FF3449300F5DA3E /* SettingsTableViewController.swift in Sources */,
			);
			runOnlyForDeploymentPostprocessing = 0;
		};
		2D48308C1F5050FE00B12DE7 /* Sources */ = {
			isa = PBXSourcesBuildPhase;
			buildActionMask = 2147483647;
			files = (
				2D35236F1F543D120057AB6E /* ImageRecognizerViewController.swift in Sources */,
				2D2083BF1FF3449300F5DA3E /* SettingsTableViewController.swift in Sources */,
				2D35237C1F62C1850057AB6E /* PromptData.swift in Sources */,
				2D4830951F5050FE00B12DE7 /* PocketPrompterTests.swift in Sources */,
				2D2083CB1FF5A8D200F5DA3E /* SettingsDetailViewController.swift in Sources */,
				2D9D3F701F73E78C005A6810 /* PromptDataTableViewCell.swift in Sources */,
			);
			runOnlyForDeploymentPostprocessing = 0;
		};
		2D4830971F5050FE00B12DE7 /* Sources */ = {
			isa = PBXSourcesBuildPhase;
			buildActionMask = 2147483647;
			files = (
				2D3523701F543D120057AB6E /* ImageRecognizerViewController.swift in Sources */,
				2D2083C01FF3449300F5DA3E /* SettingsTableViewController.swift in Sources */,
				2D35237D1F62C1850057AB6E /* PromptData.swift in Sources */,
				2D4830A01F5050FE00B12DE7 /* PocketPrompterUITests.swift in Sources */,
				2D2083CC1FF5A8D200F5DA3E /* SettingsDetailViewController.swift in Sources */,
				2D9D3F711F73E78C005A6810 /* PromptDataTableViewCell.swift in Sources */,
			);
			runOnlyForDeploymentPostprocessing = 0;
		};
/* End PBXSourcesBuildPhase section */

/* Begin PBXTargetDependency section */
		2D4830921F5050FE00B12DE7 /* PBXTargetDependency */ = {
			isa = PBXTargetDependency;
			target = 2D4830781F5050FD00B12DE7 /* PocketPrompter */;
			targetProxy = 2D4830911F5050FE00B12DE7 /* PBXContainerItemProxy */;
		};
		2D48309D1F5050FE00B12DE7 /* PBXTargetDependency */ = {
			isa = PBXTargetDependency;
			target = 2D4830781F5050FD00B12DE7 /* PocketPrompter */;
			targetProxy = 2D48309C1F5050FE00B12DE7 /* PBXContainerItemProxy */;
		};
/* End PBXTargetDependency section */

/* Begin PBXVariantGroup section */
		2D4830801F5050FD00B12DE7 /* Main.storyboard */ = {
			isa = PBXVariantGroup;
			children = (
				2D4830811F5050FD00B12DE7 /* Base */,
			);
			name = Main.storyboard;
			sourceTree = "<group>";
		};
		2D4830881F5050FD00B12DE7 /* LaunchScreen.storyboard */ = {
			isa = PBXVariantGroup;
			children = (
				2D4830891F5050FD00B12DE7 /* Base */,
			);
			name = LaunchScreen.storyboard;
			sourceTree = "<group>";
		};
/* End PBXVariantGroup section */

/* Begin XCBuildConfiguration section */
		2D4830A21F5050FE00B12DE7 /* Debug */ = {
			isa = XCBuildConfiguration;
			buildSettings = {
				ALWAYS_SEARCH_USER_PATHS = NO;
				CLANG_ANALYZER_NONNULL = YES;
				CLANG_ANALYZER_NUMBER_OBJECT_CONVERSION = YES_AGGRESSIVE;
				CLANG_CXX_LANGUAGE_STANDARD = "gnu++0x";
				CLANG_CXX_LIBRARY = "libc++";
				CLANG_ENABLE_MODULES = YES;
				CLANG_ENABLE_OBJC_ARC = YES;
				CLANG_WARN_BOOL_CONVERSION = YES;
				CLANG_WARN_CONSTANT_CONVERSION = YES;
				CLANG_WARN_DIRECT_OBJC_ISA_USAGE = YES_ERROR;
				CLANG_WARN_DOCUMENTATION_COMMENTS = YES;
				CLANG_WARN_EMPTY_BODY = YES;
				CLANG_WARN_ENUM_CONVERSION = YES;
				CLANG_WARN_INFINITE_RECURSION = YES;
				CLANG_WARN_INT_CONVERSION = YES;
				CLANG_WARN_OBJC_ROOT_CLASS = YES_ERROR;
				CLANG_WARN_SUSPICIOUS_MOVE = YES;
				CLANG_WARN_UNREACHABLE_CODE = YES;
				CLANG_WARN__DUPLICATE_METHOD_MATCH = YES;
				CODE_SIGN_IDENTITY = "iPhone Developer: bala.srirangaswamy@outlook.com (P5F7T3R7U4)";
				COPY_PHASE_STRIP = NO;
				DEBUG_INFORMATION_FORMAT = "dwarf-with-dsym";
				ENABLE_STRICT_OBJC_MSGSEND = YES;
				ENABLE_TESTABILITY = YES;
				GCC_C_LANGUAGE_STANDARD = gnu99;
				GCC_DYNAMIC_NO_PIC = NO;
				GCC_NO_COMMON_BLOCKS = YES;
				GCC_OPTIMIZATION_LEVEL = 0;
				GCC_PREPROCESSOR_DEFINITIONS = (
					"DEBUG=1",
					"$(inherited)",
				);
				GCC_WARN_64_TO_32_BIT_CONVERSION = YES;
				GCC_WARN_ABOUT_RETURN_TYPE = YES_ERROR;
				GCC_WARN_UNDECLARED_SELECTOR = YES;
				GCC_WARN_UNINITIALIZED_AUTOS = YES_AGGRESSIVE;
				GCC_WARN_UNUSED_FUNCTION = YES;
				GCC_WARN_UNUSED_VARIABLE = YES;
				IPHONEOS_DEPLOYMENT_TARGET = 10.0;
				MTL_ENABLE_DEBUG_INFO = YES;
				ONLY_ACTIVE_ARCH = YES;
				OTHER_SWIFT_FLAGS = "-D DEBUG";
				SDKROOT = iphoneos;
				SWIFT_ACTIVE_COMPILATION_CONDITIONS = DEBUG;
				SWIFT_OPTIMIZATION_LEVEL = "-Onone";
				TARGETED_DEVICE_FAMILY = "1,2";
			};
			name = Debug;
		};
		2D4830A31F5050FE00B12DE7 /* Release */ = {
			isa = XCBuildConfiguration;
			buildSettings = {
				ALWAYS_SEARCH_USER_PATHS = NO;
				CLANG_ANALYZER_NONNULL = YES;
				CLANG_ANALYZER_NUMBER_OBJECT_CONVERSION = YES_AGGRESSIVE;
				CLANG_CXX_LANGUAGE_STANDARD = "gnu++0x";
				CLANG_CXX_LIBRARY = "libc++";
				CLANG_ENABLE_MODULES = YES;
				CLANG_ENABLE_OBJC_ARC = YES;
				CLANG_WARN_BOOL_CONVERSION = YES;
				CLANG_WARN_CONSTANT_CONVERSION = YES;
				CLANG_WARN_DIRECT_OBJC_ISA_USAGE = YES_ERROR;
				CLANG_WARN_DOCUMENTATION_COMMENTS = YES;
				CLANG_WARN_EMPTY_BODY = YES;
				CLANG_WARN_ENUM_CONVERSION = YES;
				CLANG_WARN_INFINITE_RECURSION = YES;
				CLANG_WARN_INT_CONVERSION = YES;
				CLANG_WARN_OBJC_ROOT_CLASS = YES_ERROR;
				CLANG_WARN_SUSPICIOUS_MOVE = YES;
				CLANG_WARN_UNREACHABLE_CODE = YES;
				CLANG_WARN__DUPLICATE_METHOD_MATCH = YES;
				"CODE_SIGN_IDENTITY[sdk=iphoneos*]" = "iPhone Distribution: Balakumaran Srirangaswamy (V96BW4UBVM)";
				COPY_PHASE_STRIP = NO;
				DEBUG_INFORMATION_FORMAT = "dwarf-with-dsym";
				ENABLE_NS_ASSERTIONS = NO;
				ENABLE_STRICT_OBJC_MSGSEND = YES;
				GCC_C_LANGUAGE_STANDARD = gnu99;
				GCC_NO_COMMON_BLOCKS = YES;
				GCC_WARN_64_TO_32_BIT_CONVERSION = YES;
				GCC_WARN_ABOUT_RETURN_TYPE = YES_ERROR;
				GCC_WARN_UNDECLARED_SELECTOR = YES;
				GCC_WARN_UNINITIALIZED_AUTOS = YES_AGGRESSIVE;
				GCC_WARN_UNUSED_FUNCTION = YES;
				GCC_WARN_UNUSED_VARIABLE = YES;
				IPHONEOS_DEPLOYMENT_TARGET = 10.0;
				MTL_ENABLE_DEBUG_INFO = NO;
				SDKROOT = iphoneos;
				SWIFT_OPTIMIZATION_LEVEL = "-Owholemodule";
				TARGETED_DEVICE_FAMILY = "1,2";
				VALIDATE_PRODUCT = YES;
			};
			name = Release;
		};
		2D4830A51F5050FE00B12DE7 /* Debug */ = {
			isa = XCBuildConfiguration;
			baseConfigurationReference = 039ECCF13ED9C3948B27E411 /* Pods-PocketPrompter.debug.xcconfig */;
			buildSettings = {
				ASSETCATALOG_COMPILER_APPICON_NAME = AppIcon;
				CLANG_CXX_LIBRARY = "compiler-default";
				CLANG_ENABLE_MODULES = YES;
				CODE_SIGN_IDENTITY = "iPhone Developer: Balakumaran Srirangaswamy (P5F7T3R7U4)";
				"CODE_SIGN_IDENTITY[sdk=iphoneos*]" = "iPhone Developer: Balakumaran Srirangaswamy (P5F7T3R7U4)";
				CODE_SIGN_STYLE = Manual;
				DEVELOPMENT_TEAM = V96BW4UBVM;
				ENABLE_BITCODE = NO;
				FRAMEWORK_SEARCH_PATHS = (
					"$(inherited)",
					"$(PROJECT_DIR)/PocketPrompter/Tesseract\\ Resources",
				);
				INFOPLIST_FILE = PocketPrompter/Info.plist;
				LD_RUNPATH_SEARCH_PATHS = "$(inherited) @executable_path/Frameworks";
				OTHER_LDFLAGS = (
					"-lstdc++",
					"$(inherited)",
				);
				PRODUCT_BUNDLE_IDENTIFIER = com.PriyaBala.PocketPrompter;
				PRODUCT_NAME = "$(TARGET_NAME)";
				PROVISIONING_PROFILE = "024cfcf7-c897-4fd5-88f0-f09b625a9c5b";
				PROVISIONING_PROFILE_SPECIFIER = PocketPrompterDevelopment;
				SWIFT_OBJC_BRIDGING_HEADER = "PocketPrompter/PocketPrompter-Bridging-Header.h";
				SWIFT_OPTIMIZATION_LEVEL = "-Onone";
				SWIFT_VERSION = 3.0;
			};
			name = Debug;
		};
		2D4830A61F5050FE00B12DE7 /* Release */ = {
			isa = XCBuildConfiguration;
			baseConfigurationReference = BDBA454E9BADCFA03E900731 /* Pods-PocketPrompter.release.xcconfig */;
			buildSettings = {
				ASSETCATALOG_COMPILER_APPICON_NAME = AppIcon;
				CLANG_CXX_LIBRARY = "compiler-default";
				CLANG_ENABLE_MODULES = YES;
				CODE_SIGN_IDENTITY = "iPhone Distribution: Balakumaran Srirangaswamy (V96BW4UBVM)";
				"CODE_SIGN_IDENTITY[sdk=iphoneos*]" = "iPhone Distribution: Balakumaran Srirangaswamy (V96BW4UBVM)";
				CODE_SIGN_STYLE = Manual;
				DEVELOPMENT_TEAM = V96BW4UBVM;
				ENABLE_BITCODE = NO;
				FRAMEWORK_SEARCH_PATHS = (
					"$(inherited)",
					"$(PROJECT_DIR)/PocketPrompter/Tesseract\\ Resources",
				);
				INFOPLIST_FILE = PocketPrompter/Info.plist;
				LD_RUNPATH_SEARCH_PATHS = "$(inherited) @executable_path/Frameworks";
				OTHER_LDFLAGS = (
					"-lstdc++",
					"$(inherited)",
				);
				PRODUCT_BUNDLE_IDENTIFIER = com.PriyaBala.PocketPrompter;
				PRODUCT_NAME = "$(TARGET_NAME)";
				PROVISIONING_PROFILE = "12e04333-1bc4-4c8a-8148-2004acabc255";
				PROVISIONING_PROFILE_SPECIFIER = PocketPrompterDistribution;
				SWIFT_OBJC_BRIDGING_HEADER = "PocketPrompter/PocketPrompter-Bridging-Header.h";
				SWIFT_VERSION = 3.0;
			};
			name = Release;
		};
		2D4830A81F5050FE00B12DE7 /* Debug */ = {
			isa = XCBuildConfiguration;
			baseConfigurationReference = 29B45D840CA42D28071EBA04 /* Pods-PocketPrompterTests.debug.xcconfig */;
			buildSettings = {
				ALWAYS_EMBED_SWIFT_STANDARD_LIBRARIES = YES;
				BUNDLE_LOADER = "$(TEST_HOST)";
				CLANG_CXX_LIBRARY = "compiler-default";
				DEVELOPMENT_TEAM = 8PXGQZP8AE;
				INFOPLIST_FILE = PocketPrompterTests/Info.plist;
				LD_RUNPATH_SEARCH_PATHS = "$(inherited) @executable_path/Frameworks @loader_path/Frameworks";
				OTHER_LDFLAGS = (
					"-lstdc++",
					"$(inherited)",
				);
				PRODUCT_BUNDLE_IDENTIFIER = PriBa.PocketPrompterTests;
				PRODUCT_NAME = "$(TARGET_NAME)";
				SWIFT_VERSION = 3.0;
				TEST_HOST = "$(BUILT_PRODUCTS_DIR)/PocketPrompter.app/PocketPrompter";
			};
			name = Debug;
		};
		2D4830A91F5050FE00B12DE7 /* Release */ = {
			isa = XCBuildConfiguration;
			baseConfigurationReference = 800B51BA7BB05A19B687E079 /* Pods-PocketPrompterTests.release.xcconfig */;
			buildSettings = {
				ALWAYS_EMBED_SWIFT_STANDARD_LIBRARIES = YES;
				BUNDLE_LOADER = "$(TEST_HOST)";
				CLANG_CXX_LIBRARY = "compiler-default";
				DEVELOPMENT_TEAM = 8PXGQZP8AE;
				INFOPLIST_FILE = PocketPrompterTests/Info.plist;
				LD_RUNPATH_SEARCH_PATHS = "$(inherited) @executable_path/Frameworks @loader_path/Frameworks";
				OTHER_LDFLAGS = (
					"-lstdc++",
					"$(inherited)",
				);
				PRODUCT_BUNDLE_IDENTIFIER = PriBa.PocketPrompterTests;
				PRODUCT_NAME = "$(TARGET_NAME)";
				SWIFT_VERSION = 3.0;
				TEST_HOST = "$(BUILT_PRODUCTS_DIR)/PocketPrompter.app/PocketPrompter";
			};
			name = Release;
		};
		2D4830AB1F5050FE00B12DE7 /* Debug */ = {
			isa = XCBuildConfiguration;
			baseConfigurationReference = F3DBAEAA21413892D9A9A518 /* Pods-PocketPrompterUITests.debug.xcconfig */;
			buildSettings = {
				ALWAYS_EMBED_SWIFT_STANDARD_LIBRARIES = YES;
				CLANG_CXX_LIBRARY = "compiler-default";
				DEVELOPMENT_TEAM = 8PXGQZP8AE;
				INFOPLIST_FILE = PocketPrompterUITests/Info.plist;
				LD_RUNPATH_SEARCH_PATHS = "$(inherited) @executable_path/Frameworks @loader_path/Frameworks";
				OTHER_LDFLAGS = (
					"-lstdc++",
					"$(inherited)",
				);
				PRODUCT_BUNDLE_IDENTIFIER = PriBa.PocketPrompterUITests;
				PRODUCT_NAME = "$(TARGET_NAME)";
				SWIFT_VERSION = 3.0;
				TEST_TARGET_NAME = PocketPrompter;
			};
			name = Debug;
		};
		2D4830AC1F5050FE00B12DE7 /* Release */ = {
			isa = XCBuildConfiguration;
			baseConfigurationReference = 644F84CAEA7B630C5E0025F0 /* Pods-PocketPrompterUITests.release.xcconfig */;
			buildSettings = {
				ALWAYS_EMBED_SWIFT_STANDARD_LIBRARIES = YES;
				CLANG_CXX_LIBRARY = "compiler-default";
				DEVELOPMENT_TEAM = 8PXGQZP8AE;
				INFOPLIST_FILE = PocketPrompterUITests/Info.plist;
				LD_RUNPATH_SEARCH_PATHS = "$(inherited) @executable_path/Frameworks @loader_path/Frameworks";
				OTHER_LDFLAGS = (
					"-lstdc++",
					"$(inherited)",
				);
				PRODUCT_BUNDLE_IDENTIFIER = PriBa.PocketPrompterUITests;
				PRODUCT_NAME = "$(TARGET_NAME)";
				SWIFT_VERSION = 3.0;
				TEST_TARGET_NAME = PocketPrompter;
			};
			name = Release;
		};
/* End XCBuildConfiguration section */

/* Begin XCConfigurationList section */
		2D4830741F5050FD00B12DE7 /* Build configuration list for PBXProject "PocketPrompter" */ = {
			isa = XCConfigurationList;
			buildConfigurations = (
				2D4830A21F5050FE00B12DE7 /* Debug */,
				2D4830A31F5050FE00B12DE7 /* Release */,
			);
			defaultConfigurationIsVisible = 0;
			defaultConfigurationName = Release;
		};
		2D4830A41F5050FE00B12DE7 /* Build configuration list for PBXNativeTarget "PocketPrompter" */ = {
			isa = XCConfigurationList;
			buildConfigurations = (
				2D4830A51F5050FE00B12DE7 /* Debug */,
				2D4830A61F5050FE00B12DE7 /* Release */,
			);
			defaultConfigurationIsVisible = 0;
			defaultConfigurationName = Release;
		};
		2D4830A71F5050FE00B12DE7 /* Build configuration list for PBXNativeTarget "PocketPrompterTests" */ = {
			isa = XCConfigurationList;
			buildConfigurations = (
				2D4830A81F5050FE00B12DE7 /* Debug */,
				2D4830A91F5050FE00B12DE7 /* Release */,
			);
			defaultConfigurationIsVisible = 0;
			defaultConfigurationName = Release;
		};
		2D4830AA1F5050FE00B12DE7 /* Build configuration list for PBXNativeTarget "PocketPrompterUITests" */ = {
			isa = XCConfigurationList;
			buildConfigurations = (
				2D4830AB1F5050FE00B12DE7 /* Debug */,
				2D4830AC1F5050FE00B12DE7 /* Release */,
			);
			defaultConfigurationIsVisible = 0;
			defaultConfigurationName = Release;
		};
/* End XCConfigurationList section */

/* Begin XCVersionGroup section */
		2D4830831F5050FD00B12DE7 /* PocketPrompter.xcdatamodeld */ = {
			isa = XCVersionGroup;
			children = (
				2D4830841F5050FD00B12DE7 /* PocketPrompter.xcdatamodel */,
			);
			currentVersion = 2D4830841F5050FD00B12DE7 /* PocketPrompter.xcdatamodel */;
			path = PocketPrompter.xcdatamodeld;
			sourceTree = "<group>";
			versionGroupType = wrapper.xcdatamodel;
		};
/* End XCVersionGroup section */
	};
	rootObject = 2D4830711F5050FD00B12DE7 /* Project object */;
}
